
Microsoft Visual Studio Solution File, Format Version 12.00
# Visual Studio Version 17
VisualStudioVersion = 17.4.33213.308
MinimumVisualStudioVersion = 10.0.40219.1
Project("{9A19103F-16F7-4668-BE54-9A1E7A4F7556}") = "Gestform", "Gestform.csproj", "{EF05C4F7-1245-4C64-AE12-BABF08049F1B}"
EndProject
Project("{2150E333-8FDC-42A3-9474-1A3956D46DE8}") = "tests", "tests", "{9A07630D-FF3D-4885-842E-02BC16713C54}"
EndProject
Project("{FAE04EC0-301F-11D3-BF4B-00C04F79EFBC}") = "Gestform.Tests.Unit", "..\Gestform.Tests.Unit\Gestform.Tests.Unit.csproj", "{199D9497-EF99-4AE4-816B-A4E317069DF1}"
EndProject
Global
	GlobalSection(SolutionConfigurationPlatforms) = preSolution
		Debug|Any CPU = Debug|Any CPU
		Release|Any CPU = Release|Any CPU
	EndGlobalSection
	GlobalSection(ProjectConfigurationPlatforms) = postSolution
		{EF05C4F7-1245-4C64-AE12-BABF08049F1B}.Debug|Any CPU.ActiveCfg = Debug|Any CPU
		{EF05C4F7-1245-4C64-AE12-BABF08049F1B}.Debug|Any CPU.Build.0 = Debug|Any CPU
		{EF05C4F7-1245-4C64-AE12-BABF08049F1B}.Release|Any CPU.ActiveCfg = Release|Any CPU
		{EF05C4F7-1245-4C64-AE12-BABF08049F1B}.Release|Any CPU.Build.0 = Release|Any CPU
		{199D9497-EF99-4AE4-816B-A4E317069DF1}.Debug|Any CPU.ActiveCfg = Debug|Any CPU
		{199D9497-EF99-4AE4-816B-A4E317069DF1}.Debug|Any CPU.Build.0 = Debug|Any CPU
		{199D9497-EF99-4AE4-816B-A4E317069DF1}.Release|Any CPU.ActiveCfg = Release|Any CPU
		{199D9497-EF99-4AE4-816B-A4E317069DF1}.Release|Any CPU.Build.0 = Release|Any CPU
	EndGlobalSection
	GlobalSection(SolutionProperties) = preSolution
		HideSolutionNode = FALSE
	EndGlobalSection
	GlobalSection(NestedProjects) = preSolution
		{199D9497-EF99-4AE4-816B-A4E317069DF1} = {9A07630D-FF3D-4885-842E-02BC16713C54}
	EndGlobalSection
	GlobalSection(ExtensibilityGlobals) = postSolution
		SolutionGuid = {5CBE329B-BCAD-480A-A44C-1558035C8F0E}
	EndGlobalSection
EndGlobal
